// !$*UTF8*$!
{
	archiveVersion = 1;
	classes = {
	};
	objectVersion = 46;
	objects = {

/* Begin PBXBuildFile section */
		22174AC7192CDB970007CD42 /* InfoViewController.m in Sources */ = {isa = PBXBuildFile; fileRef = 22174AC6192CDB970007CD42 /* InfoViewController.m */; };
		22378477191FC7B700D0A27B /* MapKit.framework in Frameworks */ = {isa = PBXBuildFile; fileRef = 22378476191FC7B700D0A27B /* MapKit.framework */; };
		223F0750192E3CC700946FEA /* TileOverlay.m in Sources */ = {isa = PBXBuildFile; fileRef = 223F074D192E3CC700946FEA /* TileOverlay.m */; };
		223F0751192E3CC700946FEA /* TileOverlayView.m in Sources */ = {isa = PBXBuildFile; fileRef = 223F074F192E3CC700946FEA /* TileOverlayView.m */; };
		22701CFB191BC5B80095D8DD /* UIKit.framework in Frameworks */ = {isa = PBXBuildFile; fileRef = 22701CFA191BC5B80095D8DD /* UIKit.framework */; };
		22701CFD191BC5B80095D8DD /* Foundation.framework in Frameworks */ = {isa = PBXBuildFile; fileRef = 22701CFC191BC5B80095D8DD /* Foundation.framework */; };
		22701CFF191BC5B80095D8DD /* CoreGraphics.framework in Frameworks */ = {isa = PBXBuildFile; fileRef = 22701CFE191BC5B80095D8DD /* CoreGraphics.framework */; };
		22701D05191BC5B80095D8DD /* InfoPlist.strings in Resources */ = {isa = PBXBuildFile; fileRef = 22701D03191BC5B80095D8DD /* InfoPlist.strings */; };
		22701D07191BC5B80095D8DD /* main.m in Sources */ = {isa = PBXBuildFile; fileRef = 22701D06191BC5B80095D8DD /* main.m */; };
		22701D0B191BC5B80095D8DD /* AppDelegate.m in Sources */ = {isa = PBXBuildFile; fileRef = 22701D0A191BC5B80095D8DD /* AppDelegate.m */; };
		22701D0D191BC5B80095D8DD /* Default.png in Resources */ = {isa = PBXBuildFile; fileRef = 22701D0C191BC5B80095D8DD /* Default.png */; };
		22701D0F191BC5B80095D8DD /* Default@2x.png in Resources */ = {isa = PBXBuildFile; fileRef = 22701D0E191BC5B80095D8DD /* Default@2x.png */; };
		22701D11191BC5B80095D8DD /* Default-568h@2x.png in Resources */ = {isa = PBXBuildFile; fileRef = 22701D10191BC5B80095D8DD /* Default-568h@2x.png */; };
		22701D14191BC5B80095D8DD /* MainStoryboard_iPhone.storyboard in Resources */ = {isa = PBXBuildFile; fileRef = 22701D12191BC5B80095D8DD /* MainStoryboard_iPhone.storyboard */; };
		22701D17191BC5B80095D8DD /* MainStoryboard_iPad.storyboard in Resources */ = {isa = PBXBuildFile; fileRef = 22701D15191BC5B80095D8DD /* MainStoryboard_iPad.storyboard */; };
		22701D1A191BC5B80095D8DD /* ViewController.m in Sources */ = {isa = PBXBuildFile; fileRef = 22701D19191BC5B80095D8DD /* ViewController.m */; };
		22701D22191BC5B80095D8DD /* SenTestingKit.framework in Frameworks */ = {isa = PBXBuildFile; fileRef = 22701D21191BC5B80095D8DD /* SenTestingKit.framework */; };
		22701D23191BC5B80095D8DD /* UIKit.framework in Frameworks */ = {isa = PBXBuildFile; fileRef = 22701CFA191BC5B80095D8DD /* UIKit.framework */; };
		22701D24191BC5B80095D8DD /* Foundation.framework in Frameworks */ = {isa = PBXBuildFile; fileRef = 22701CFC191BC5B80095D8DD /* Foundation.framework */; };
		22701D2C191BC5B80095D8DD /* InfoPlist.strings in Resources */ = {isa = PBXBuildFile; fileRef = 22701D2A191BC5B80095D8DD /* InfoPlist.strings */; };
		22701D2F191BC5B80095D8DD /* zapravkaTests.m in Sources */ = {isa = PBXBuildFile; fileRef = 22701D2E191BC5B80095D8DD /* zapravkaTests.m */; };
		22794CA31932581A0011C7E4 /* zapravkalogobig.jpg in Resources */ = {isa = PBXBuildFile; fileRef = 22794CA21932581A0011C7E4 /* zapravkalogobig.jpg */; };
		2281802D192F55880039D10E /* MapPoint.m in Sources */ = {isa = PBXBuildFile; fileRef = 2281802C192F55880039D10E /* MapPoint.m */; };
		2293E5A6192613A40037C012 /* data.plist in Resources */ = {isa = PBXBuildFile; fileRef = 2293E5A5192613A40037C012 /* data.plist */; };
		2293E5AC1926227B0037C012 /* DataController.m in Sources */ = {isa = PBXBuildFile; fileRef = 2293E5AB1926227B0037C012 /* DataController.m */; };
		2296027A192B17B70008D214 /* DetailViewController.m in Sources */ = {isa = PBXBuildFile; fileRef = 22960279192B17B70008D214 /* DetailViewController.m */; };
		229BF75E192DCCDA00045540 /* gazprom-neft.jpg in Resources */ = {isa = PBXBuildFile; fileRef = 229BF75B192DCCDA00045540 /* gazprom-neft.jpg */; };
		229BF75F192DCCDA00045540 /* lykoil.jpg in Resources */ = {isa = PBXBuildFile; fileRef = 229BF75C192DCCDA00045540 /* lykoil.jpg */; };
		229BF760192DCCDA00045540 /* taxioil.jpg in Resources */ = {isa = PBXBuildFile; fileRef = 229BF75D192DCCDA00045540 /* taxioil.jpg */; };
		22CE7C46193335CE00CE6827 /* detailButton.png in Resources */ = {isa = PBXBuildFile; fileRef = 22CE7C45193335CE00CE6827 /* detailButton.png */; };
		22D68416192F52AD007B03FF /* default.gpx in Resources */ = {isa = PBXBuildFile; fileRef = 22D68415192F52AD007B03FF /* default.gpx */; };
		849F3071193CEAE9002C8CAC /* button1.png in Resources */ = {isa = PBXBuildFile; fileRef = 849F3070193CEAE9002C8CAC /* button1.png */; };
		84A0000E194045E900E2B5B2 /* 76.png in Resources */ = {isa = PBXBuildFile; fileRef = 84A0000D194045E900E2B5B2 /* 76.png */; };
		84A46FD9193F58BE009AE451 /* fon2.jpg in Resources */ = {isa = PBXBuildFile; fileRef = 84A46FD7193F58BE009AE451 /* fon2.jpg */; };
		84AB7DEE193E3D6B00C8F947 /* основной_фон.jpg in Resources */ = {isa = PBXBuildFile; fileRef = 84AB7DED193E3D6B00C8F947 /* основной_фон.jpg */; };
		84AB7DF0193E3F9100C8F947 /* 98.png in Resources */ = {isa = PBXBuildFile; fileRef = 84AB7DEF193E3F9100C8F947 /* 98.png */; };
		84AB7DFB193E427900C8F947 /* 92.png in Resources */ = {isa = PBXBuildFile; fileRef = 84AB7DF3193E427900C8F947 /* 92.png */; };
		84AB7DFC193E427900C8F947 /* 95.png in Resources */ = {isa = PBXBuildFile; fileRef = 84AB7DF4193E427900C8F947 /* 95.png */; };
		84AB7DFD193E427900C8F947 /* 98.png in Resources */ = {isa = PBXBuildFile; fileRef = 84AB7DF5193E427900C8F947 /* 98.png */; };
		84AB7DFE193E427900C8F947 /* ВЫЙТИ.png in Resources */ = {isa = PBXBuildFile; fileRef = 84AB7DF6193E427900C8F947 /* ВЫЙТИ.png */; };
		84AB7DFF193E427900C8F947 /* ДТ.png in Resources */ = {isa = PBXBuildFile; fileRef = 84AB7DF7193E427900C8F947 /* ДТ.png */; };
		84AB7E00193E427900C8F947 /* КАРТА.png in Resources */ = {isa = PBXBuildFile; fileRef = 84AB7DF8193E427900C8F947 /* КАРТА.png */; };
		84B49ACC193B3DB800CE8A19 /* MenuViewController.m in Sources */ = {isa = PBXBuildFile; fileRef = 84B49ACB193B3DB800CE8A19 /* MenuViewController.m */; };
		84B49ACF193B69B400CE8A19 /* MyGlobal.m in Sources */ = {isa = PBXBuildFile; fileRef = 84B49ACE193B69B400CE8A19 /* MyGlobal.m */; };
		84B49AD1193B89D100CE8A19 /* font1.png in Resources */ = {isa = PBXBuildFile; fileRef = 84B49AD0193B89D100CE8A19 /* font1.png */; };
		B3B08B81192E6AAC00AEA5A0 /* zapravkalogo.png in Resources */ = {isa = PBXBuildFile; fileRef = B3B08B80192E6AAC00AEA5A0 /* zapravkalogo.png */; };
/* End PBXBuildFile section */

/* Begin PBXContainerItemProxy section */
		22701D25191BC5B80095D8DD /* PBXContainerItemProxy */ = {
			isa = PBXContainerItemProxy;
			containerPortal = 22701CEF191BC5B80095D8DD /* Project object */;
			proxyType = 1;
			remoteGlobalIDString = 22701CF6191BC5B80095D8DD;
			remoteInfo = zapravka;
		};
/* End PBXContainerItemProxy section */

/* Begin PBXFileReference section */
		22174AC5192CDB970007CD42 /* InfoViewController.h */ = {isa = PBXFileReference; fileEncoding = 4; lastKnownFileType = sourcecode.c.h; path = InfoViewController.h; sourceTree = "<group>"; };
		22174AC6192CDB970007CD42 /* InfoViewController.m */ = {isa = PBXFileReference; fileEncoding = 4; lastKnownFileType = sourcecode.c.objc; path = InfoViewController.m; sourceTree = "<group>"; };
		22378476191FC7B700D0A27B /* MapKit.framework */ = {isa = PBXFileReference; lastKnownFileType = wrapper.framework; name = MapKit.framework; path = System/Library/Frameworks/MapKit.framework; sourceTree = SDKROOT; };
		223F074C192E3CC700946FEA /* TileOverlay.h */ = {isa = PBXFileReference; fileEncoding = 4; lastKnownFileType = sourcecode.c.h; path = TileOverlay.h; sourceTree = "<group>"; };
		223F074D192E3CC700946FEA /* TileOverlay.m */ = {isa = PBXFileReference; fileEncoding = 4; lastKnownFileType = sourcecode.c.objc; path = TileOverlay.m; sourceTree = "<group>"; };
		223F074E192E3CC700946FEA /* TileOverlayView.h */ = {isa = PBXFileReference; fileEncoding = 4; lastKnownFileType = sourcecode.c.h; path = TileOverlayView.h; sourceTree = "<group>"; };
		223F074F192E3CC700946FEA /* TileOverlayView.m */ = {isa = PBXFileReference; fileEncoding = 4; lastKnownFileType = sourcecode.c.objc; path = TileOverlayView.m; sourceTree = "<group>"; };
		22701CF7191BC5B80095D8DD /* zapravka.app */ = {isa = PBXFileReference; explicitFileType = wrapper.application; includeInIndex = 0; path = zapravka.app; sourceTree = BUILT_PRODUCTS_DIR; };
		22701CFA191BC5B80095D8DD /* UIKit.framework */ = {isa = PBXFileReference; lastKnownFileType = wrapper.framework; name = UIKit.framework; path = System/Library/Frameworks/UIKit.framework; sourceTree = SDKROOT; };
		22701CFC191BC5B80095D8DD /* Foundation.framework */ = {isa = PBXFileReference; lastKnownFileType = wrapper.framework; name = Foundation.framework; path = System/Library/Frameworks/Foundation.framework; sourceTree = SDKROOT; };
		22701CFE191BC5B80095D8DD /* CoreGraphics.framework */ = {isa = PBXFileReference; lastKnownFileType = wrapper.framework; name = CoreGraphics.framework; path = System/Library/Frameworks/CoreGraphics.framework; sourceTree = SDKROOT; };
		22701D02191BC5B80095D8DD /* zapravka-Info.plist */ = {isa = PBXFileReference; lastKnownFileType = text.plist.xml; path = "zapravka-Info.plist"; sourceTree = "<group>"; };
		22701D04191BC5B80095D8DD /* en */ = {isa = PBXFileReference; lastKnownFileType = text.plist.strings; name = en; path = en.lproj/InfoPlist.strings; sourceTree = "<group>"; };
		22701D06191BC5B80095D8DD /* main.m */ = {isa = PBXFileReference; lastKnownFileType = sourcecode.c.objc; path = main.m; sourceTree = "<group>"; };
		22701D08191BC5B80095D8DD /* zapravka-Prefix.pch */ = {isa = PBXFileReference; lastKnownFileType = sourcecode.c.h; path = "zapravka-Prefix.pch"; sourceTree = "<group>"; };
		22701D09191BC5B80095D8DD /* AppDelegate.h */ = {isa = PBXFileReference; lastKnownFileType = sourcecode.c.h; path = AppDelegate.h; sourceTree = "<group>"; };
		22701D0A191BC5B80095D8DD /* AppDelegate.m */ = {isa = PBXFileReference; lastKnownFileType = sourcecode.c.objc; path = AppDelegate.m; sourceTree = "<group>"; };
		22701D0C191BC5B80095D8DD /* Default.png */ = {isa = PBXFileReference; lastKnownFileType = image.png; path = Default.png; sourceTree = "<group>"; };
		22701D0E191BC5B80095D8DD /* Default@2x.png */ = {isa = PBXFileReference; lastKnownFileType = image.png; path = "Default@2x.png"; sourceTree = "<group>"; };
		22701D10191BC5B80095D8DD /* Default-568h@2x.png */ = {isa = PBXFileReference; lastKnownFileType = image.png; path = "Default-568h@2x.png"; sourceTree = "<group>"; };
		22701D13191BC5B80095D8DD /* en */ = {isa = PBXFileReference; lastKnownFileType = file.storyboard; name = en; path = en.lproj/MainStoryboard_iPhone.storyboard; sourceTree = "<group>"; };
		22701D16191BC5B80095D8DD /* en */ = {isa = PBXFileReference; lastKnownFileType = file.storyboard; name = en; path = en.lproj/MainStoryboard_iPad.storyboard; sourceTree = "<group>"; };
		22701D18191BC5B80095D8DD /* ViewController.h */ = {isa = PBXFileReference; lastKnownFileType = sourcecode.c.h; path = ViewController.h; sourceTree = "<group>"; };
		22701D19191BC5B80095D8DD /* ViewController.m */ = {isa = PBXFileReference; lastKnownFileType = sourcecode.c.objc; path = ViewController.m; sourceTree = "<group>"; };
		22701D20191BC5B80095D8DD /* zapravkaTests.octest */ = {isa = PBXFileReference; explicitFileType = wrapper.cfbundle; includeInIndex = 0; path = zapravkaTests.octest; sourceTree = BUILT_PRODUCTS_DIR; };
		22701D21191BC5B80095D8DD /* SenTestingKit.framework */ = {isa = PBXFileReference; lastKnownFileType = wrapper.framework; name = SenTestingKit.framework; path = Library/Frameworks/SenTestingKit.framework; sourceTree = DEVELOPER_DIR; };
		22701D29191BC5B80095D8DD /* zapravkaTests-Info.plist */ = {isa = PBXFileReference; lastKnownFileType = text.plist.xml; path = "zapravkaTests-Info.plist"; sourceTree = "<group>"; };
		22701D2B191BC5B80095D8DD /* en */ = {isa = PBXFileReference; lastKnownFileType = text.plist.strings; name = en; path = en.lproj/InfoPlist.strings; sourceTree = "<group>"; };
		22701D2D191BC5B80095D8DD /* zapravkaTests.h */ = {isa = PBXFileReference; lastKnownFileType = sourcecode.c.h; path = zapravkaTests.h; sourceTree = "<group>"; };
		22701D2E191BC5B80095D8DD /* zapravkaTests.m */ = {isa = PBXFileReference; lastKnownFileType = sourcecode.c.objc; path = zapravkaTests.m; sourceTree = "<group>"; };
		22794CA21932581A0011C7E4 /* zapravkalogobig.jpg */ = {isa = PBXFileReference; lastKnownFileType = image.jpeg; path = zapravkalogobig.jpg; sourceTree = "<group>"; };
		2281802B192F55880039D10E /* MapPoint.h */ = {isa = PBXFileReference; fileEncoding = 4; lastKnownFileType = sourcecode.c.h; name = MapPoint.h; path = ../MapPoint.h; sourceTree = "<group>"; };
		2281802C192F55880039D10E /* MapPoint.m */ = {isa = PBXFileReference; fileEncoding = 4; lastKnownFileType = sourcecode.c.objc; name = MapPoint.m; path = ../MapPoint.m; sourceTree = "<group>"; };
		2293E5A5192613A40037C012 /* data.plist */ = {isa = PBXFileReference; fileEncoding = 4; lastKnownFileType = text.plist.xml; path = data.plist; sourceTree = "<group>"; };
		2293E5AA1926227B0037C012 /* DataController.h */ = {isa = PBXFileReference; fileEncoding = 4; lastKnownFileType = sourcecode.c.h; path = DataController.h; sourceTree = "<group>"; };
		2293E5AB1926227B0037C012 /* DataController.m */ = {isa = PBXFileReference; fileEncoding = 4; lastKnownFileType = sourcecode.c.objc; path = DataController.m; sourceTree = "<group>"; };
		22960278192B17B70008D214 /* DetailViewController.h */ = {isa = PBXFileReference; fileEncoding = 4; lastKnownFileType = sourcecode.c.h; path = DetailViewController.h; sourceTree = "<group>"; };
		22960279192B17B70008D214 /* DetailViewController.m */ = {isa = PBXFileReference; fileEncoding = 4; lastKnownFileType = sourcecode.c.objc; path = DetailViewController.m; sourceTree = "<group>"; };
		229BF75B192DCCDA00045540 /* gazprom-neft.jpg */ = {isa = PBXFileReference; lastKnownFileType = image.jpeg; path = "gazprom-neft.jpg"; sourceTree = "<group>"; };
		229BF75C192DCCDA00045540 /* lykoil.jpg */ = {isa = PBXFileReference; lastKnownFileType = image.jpeg; path = lykoil.jpg; sourceTree = "<group>"; };
		229BF75D192DCCDA00045540 /* taxioil.jpg */ = {isa = PBXFileReference; lastKnownFileType = image.jpeg; path = taxioil.jpg; sourceTree = "<group>"; };
		22CE7C45193335CE00CE6827 /* detailButton.png */ = {isa = PBXFileReference; lastKnownFileType = image.png; path = detailButton.png; sourceTree = "<group>"; };
		22D68415192F52AD007B03FF /* default.gpx */ = {isa = PBXFileReference; fileEncoding = 4; lastKnownFileType = text.xml; path = default.gpx; sourceTree = "<group>"; };
		849F3070193CEAE9002C8CAC /* button1.png */ = {isa = PBXFileReference; lastKnownFileType = image.png; path = button1.png; sourceTree = "<group>"; };
		84A0000D194045E900E2B5B2 /* 76.png */ = {isa = PBXFileReference; lastKnownFileType = image.png; name = 76.png; path = "../../../../../Volumes/VMware Shared Folders/VM_Share/76.png"; sourceTree = "<group>"; };
		84A46FD7193F58BE009AE451 /* fon2.jpg */ = {isa = PBXFileReference; lastKnownFileType = image.jpeg; name = fon2.jpg; path = "../../../../../Volumes/VMware Shared Folders/VM_Share/fon/fon2.jpg"; sourceTree = "<group>"; };
		84AB7DED193E3D6B00C8F947 /* основной_фон.jpg */ = {isa = PBXFileReference; lastKnownFileType = image.jpeg; path = "основной_фон.jpg"; sourceTree = "<group>"; };
		84AB7DEF193E3F9100C8F947 /* 98.png */ = {isa = PBXFileReference; lastKnownFileType = image.png; path = 98.png; sourceTree = "<group>"; };
		84AB7DF3193E427900C8F947 /* 92.png */ = {isa = PBXFileReference; lastKnownFileType = image.png; name = 92.png; path = "../../../../../Volumes/VMware Shared Folders/VM_Share/fon/92.png"; sourceTree = "<group>"; };
		84AB7DF4193E427900C8F947 /* 95.png */ = {isa = PBXFileReference; lastKnownFileType = image.png; name = 95.png; path = "../../../../../Volumes/VMware Shared Folders/VM_Share/fon/95.png"; sourceTree = "<group>"; };
		84AB7DF5193E427900C8F947 /* 98.png */ = {isa = PBXFileReference; lastKnownFileType = image.png; name = 98.png; path = "../../../../../Volumes/VMware Shared Folders/VM_Share/fon/98.png"; sourceTree = "<group>"; };
		84AB7DF6193E427900C8F947 /* ВЫЙТИ.png */ = {isa = PBXFileReference; lastKnownFileType = image.png; name = "ВЫЙТИ.png"; path = "../../../../../Volumes/VMware Shared Folders/VM_Share/fon/ВЫЙТИ.png"; sourceTree = "<group>"; };
		84AB7DF7193E427900C8F947 /* ДТ.png */ = {isa = PBXFileReference; lastKnownFileType = image.png; name = "ДТ.png"; path = "../../../../../Volumes/VMware Shared Folders/VM_Share/fon/ДТ.png"; sourceTree = "<group>"; };
		84AB7DF8193E427900C8F947 /* КАРТА.png */ = {isa = PBXFileReference; lastKnownFileType = image.png; name = "КАРТА.png"; path = "../../../../../Volumes/VMware Shared Folders/VM_Share/fon/КАРТА.png"; sourceTree = "<group>"; };
		84B49ACA193B3DB800CE8A19 /* MenuViewController.h */ = {isa = PBXFileReference; fileEncoding = 4; lastKnownFileType = sourcecode.c.h; path = MenuViewController.h; sourceTree = "<group>"; };
		84B49ACB193B3DB800CE8A19 /* MenuViewController.m */ = {isa = PBXFileReference; fileEncoding = 4; lastKnownFileType = sourcecode.c.objc; path = MenuViewController.m; sourceTree = "<group>"; };
		84B49ACD193B69B400CE8A19 /* MyGlobal.h */ = {isa = PBXFileReference; fileEncoding = 4; lastKnownFileType = sourcecode.c.h; path = MyGlobal.h; sourceTree = "<group>"; };
		84B49ACE193B69B400CE8A19 /* MyGlobal.m */ = {isa = PBXFileReference; fileEncoding = 4; lastKnownFileType = sourcecode.c.objc; path = MyGlobal.m; sourceTree = "<group>"; };
		84B49AD0193B89D100CE8A19 /* font1.png */ = {isa = PBXFileReference; lastKnownFileType = image.png; name = font1.png; path = ../../../Downloads/font1.png; sourceTree = "<group>"; };
		B3B08B80192E6AAC00AEA5A0 /* zapravkalogo.png */ = {isa = PBXFileReference; lastKnownFileType = image.png; path = zapravkalogo.png; sourceTree = SOURCE_ROOT; };
/* End PBXFileReference section */

/* Begin PBXFrameworksBuildPhase section */
		22701CF4191BC5B80095D8DD /* Frameworks */ = {
			isa = PBXFrameworksBuildPhase;
			buildActionMask = 2147483647;
			files = (
				22378477191FC7B700D0A27B /* MapKit.framework in Frameworks */,
				22701CFB191BC5B80095D8DD /* UIKit.framework in Frameworks */,
				22701CFD191BC5B80095D8DD /* Foundation.framework in Frameworks */,
				22701CFF191BC5B80095D8DD /* CoreGraphics.framework in Frameworks */,
			);
			runOnlyForDeploymentPostprocessing = 0;
		};
		22701D1C191BC5B80095D8DD /* Frameworks */ = {
			isa = PBXFrameworksBuildPhase;
			buildActionMask = 2147483647;
			files = (
				22701D22191BC5B80095D8DD /* SenTestingKit.framework in Frameworks */,
				22701D23191BC5B80095D8DD /* UIKit.framework in Frameworks */,
				22701D24191BC5B80095D8DD /* Foundation.framework in Frameworks */,
			);
			runOnlyForDeploymentPostprocessing = 0;
		};
/* End PBXFrameworksBuildPhase section */

/* Begin PBXGroup section */
		223F074B192E3CAD00946FEA /* GoogleMaps */ = {
			isa = PBXGroup;
			children = (
				2281802B192F55880039D10E /* MapPoint.h */,
				2281802C192F55880039D10E /* MapPoint.m */,
				223F074C192E3CC700946FEA /* TileOverlay.h */,
				223F074D192E3CC700946FEA /* TileOverlay.m */,
				223F074E192E3CC700946FEA /* TileOverlayView.h */,
				223F074F192E3CC700946FEA /* TileOverlayView.m */,
			);
			name = GoogleMaps;
			sourceTree = "<group>";
		};
		22701CEE191BC5B80095D8DD = {
			isa = PBXGroup;
			children = (
				22378476191FC7B700D0A27B /* MapKit.framework */,
				22701D00191BC5B80095D8DD /* zapravka */,
				22701D27191BC5B80095D8DD /* zapravkaTests */,
				22701CF9191BC5B80095D8DD /* Frameworks */,
				22701CF8191BC5B80095D8DD /* Products */,
			);
			sourceTree = "<group>";
		};
		22701CF8191BC5B80095D8DD /* Products */ = {
			isa = PBXGroup;
			children = (
				22701CF7191BC5B80095D8DD /* zapravka.app */,
				22701D20191BC5B80095D8DD /* zapravkaTests.octest */,
			);
			name = Products;
			sourceTree = "<group>";
		};
		22701CF9191BC5B80095D8DD /* Frameworks */ = {
			isa = PBXGroup;
			children = (
				22701CFA191BC5B80095D8DD /* UIKit.framework */,
				22701CFC191BC5B80095D8DD /* Foundation.framework */,
				22701CFE191BC5B80095D8DD /* CoreGraphics.framework */,
				22701D21191BC5B80095D8DD /* SenTestingKit.framework */,
			);
			name = Frameworks;
			sourceTree = "<group>";
		};
		22701D00191BC5B80095D8DD /* zapravka */ = {
			isa = PBXGroup;
			children = (
				223F074B192E3CAD00946FEA /* GoogleMaps */,
				22701D09191BC5B80095D8DD /* AppDelegate.h */,
				22701D0A191BC5B80095D8DD /* AppDelegate.m */,
				22701D12191BC5B80095D8DD /* MainStoryboard_iPhone.storyboard */,
				22174AC5192CDB970007CD42 /* InfoViewController.h */,
				22174AC6192CDB970007CD42 /* InfoViewController.m */,
				22701D15191BC5B80095D8DD /* MainStoryboard_iPad.storyboard */,
				22701D18191BC5B80095D8DD /* ViewController.h */,
				22701D19191BC5B80095D8DD /* ViewController.m */,
				22960278192B17B70008D214 /* DetailViewController.h */,
				22960279192B17B70008D214 /* DetailViewController.m */,
				84B49ACA193B3DB800CE8A19 /* MenuViewController.h */,
				84B49ACB193B3DB800CE8A19 /* MenuViewController.m */,
				84B49ACD193B69B400CE8A19 /* MyGlobal.h */,
				84B49ACE193B69B400CE8A19 /* MyGlobal.m */,
				2293E5AA1926227B0037C012 /* DataController.h */,
				2293E5AB1926227B0037C012 /* DataController.m */,
				22701D01191BC5B80095D8DD /* Supporting Files */,
			);
			path = zapravka;
			sourceTree = "<group>";
		};
		22701D01191BC5B80095D8DD /* Supporting Files */ = {
			isa = PBXGroup;
			children = (
				84A0000D194045E900E2B5B2 /* 76.png */,
				84AB7DF3193E427900C8F947 /* 92.png */,
				84A46FD7193F58BE009AE451 /* fon2.jpg */,
				84AB7DF4193E427900C8F947 /* 95.png */,
				84AB7DF5193E427900C8F947 /* 98.png */,
				84AB7DF6193E427900C8F947 /* ВЫЙТИ.png */,
				84AB7DF7193E427900C8F947 /* ДТ.png */,
				84AB7DF8193E427900C8F947 /* КАРТА.png */,
				849F3070193CEAE9002C8CAC /* button1.png */,
				84AB7DED193E3D6B00C8F947 /* основной_фон.jpg */,
				84AB7DEF193E3F9100C8F947 /* 98.png */,
				84B49AD0193B89D100CE8A19 /* font1.png */,
				22CE7C45193335CE00CE6827 /* detailButton.png */,
				22794CA21932581A0011C7E4 /* zapravkalogobig.jpg */,
				B3B08B80192E6AAC00AEA5A0 /* zapravkalogo.png */,
				22D68415192F52AD007B03FF /* default.gpx */,
				2293E5A919261CF20037C012 /* logo */,
				22701D02191BC5B80095D8DD /* zapravka-Info.plist */,
				2293E5A5192613A40037C012 /* data.plist */,
				22701D03191BC5B80095D8DD /* InfoPlist.strings */,
				22701D06191BC5B80095D8DD /* main.m */,
				22701D08191BC5B80095D8DD /* zapravka-Prefix.pch */,
				22701D0C191BC5B80095D8DD /* Default.png */,
				22701D0E191BC5B80095D8DD /* Default@2x.png */,
				22701D10191BC5B80095D8DD /* Default-568h@2x.png */,
			);
			name = "Supporting Files";
			sourceTree = "<group>";
		};
		22701D27191BC5B80095D8DD /* zapravkaTests */ = {
			isa = PBXGroup;
			children = (
				22701D2D191BC5B80095D8DD /* zapravkaTests.h */,
				22701D2E191BC5B80095D8DD /* zapravkaTests.m */,
				22701D28191BC5B80095D8DD /* Supporting Files */,
			);
			path = zapravkaTests;
			sourceTree = "<group>";
		};
		22701D28191BC5B80095D8DD /* Supporting Files */ = {
			isa = PBXGroup;
			children = (
				22701D29191BC5B80095D8DD /* zapravkaTests-Info.plist */,
				22701D2A191BC5B80095D8DD /* InfoPlist.strings */,
			);
			name = "Supporting Files";
			sourceTree = "<group>";
		};
		2293E5A919261CF20037C012 /* logo */ = {
			isa = PBXGroup;
			children = (
				229BF75B192DCCDA00045540 /* gazprom-neft.jpg */,
				229BF75C192DCCDA00045540 /* lykoil.jpg */,
				229BF75D192DCCDA00045540 /* taxioil.jpg */,
			);
			name = logo;
			sourceTree = "<group>";
		};
/* End PBXGroup section */

/* Begin PBXNativeTarget section */
		22701CF6191BC5B80095D8DD /* zapravka */ = {
			isa = PBXNativeTarget;
			buildConfigurationList = 22701D32191BC5B80095D8DD /* Build configuration list for PBXNativeTarget "zapravka" */;
			buildPhases = (
				22701CF3191BC5B80095D8DD /* Sources */,
				22701CF4191BC5B80095D8DD /* Frameworks */,
				22701CF5191BC5B80095D8DD /* Resources */,
			);
			buildRules = (
			);
			dependencies = (
			);
			name = zapravka;
			productName = zapravka;
			productReference = 22701CF7191BC5B80095D8DD /* zapravka.app */;
			productType = "com.apple.product-type.application";
		};
		22701D1F191BC5B80095D8DD /* zapravkaTests */ = {
			isa = PBXNativeTarget;
			buildConfigurationList = 22701D35191BC5B80095D8DD /* Build configuration list for PBXNativeTarget "zapravkaTests" */;
			buildPhases = (
				22701D1B191BC5B80095D8DD /* Sources */,
				22701D1C191BC5B80095D8DD /* Frameworks */,
				22701D1D191BC5B80095D8DD /* Resources */,
				22701D1E191BC5B80095D8DD /* ShellScript */,
			);
			buildRules = (
			);
			dependencies = (
				22701D26191BC5B80095D8DD /* PBXTargetDependency */,
			);
			name = zapravkaTests;
			productName = zapravkaTests;
			productReference = 22701D20191BC5B80095D8DD /* zapravkaTests.octest */;
			productType = "com.apple.product-type.bundle";
		};
/* End PBXNativeTarget section */

/* Begin PBXProject section */
		22701CEF191BC5B80095D8DD /* Project object */ = {
			isa = PBXProject;
			attributes = {
				LastUpgradeCheck = 0460;
				ORGANIZATIONNAME = "Arthur Pertsev";
			};
			buildConfigurationList = 22701CF2191BC5B80095D8DD /* Build configuration list for PBXProject "zapravka" */;
			compatibilityVersion = "Xcode 3.2";
			developmentRegion = English;
			hasScannedForEncodings = 0;
			knownRegions = (
				en,
			);
			mainGroup = 22701CEE191BC5B80095D8DD;
			productRefGroup = 22701CF8191BC5B80095D8DD /* Products */;
			projectDirPath = "";
			projectRoot = "";
			targets = (
				22701CF6191BC5B80095D8DD /* zapravka */,
				22701D1F191BC5B80095D8DD /* zapravkaTests */,
			);
		};
/* End PBXProject section */

/* Begin PBXResourcesBuildPhase section */
		22701CF5191BC5B80095D8DD /* Resources */ = {
			isa = PBXResourcesBuildPhase;
			buildActionMask = 2147483647;
			files = (
				84A0000E194045E900E2B5B2 /* 76.png in Resources */,
				84AB7E00193E427900C8F947 /* КАРТА.png in Resources */,
				22701D05191BC5B80095D8DD /* InfoPlist.strings in Resources */,
				84AB7DFB193E427900C8F947 /* 92.png in Resources */,
				22701D0D191BC5B80095D8DD /* Default.png in Resources */,
				84AB7DF0193E3F9100C8F947 /* 98.png in Resources */,
				22701D0F191BC5B80095D8DD /* Default@2x.png in Resources */,
				84AB7DEE193E3D6B00C8F947 /* основной_фон.jpg in Resources */,
				22701D11191BC5B80095D8DD /* Default-568h@2x.png in Resources */,
				84A46FD9193F58BE009AE451 /* fon2.jpg in Resources */,
				84B49AD1193B89D100CE8A19 /* font1.png in Resources */,
				22701D14191BC5B80095D8DD /* MainStoryboard_iPhone.storyboard in Resources */,
				22701D17191BC5B80095D8DD /* MainStoryboard_iPad.storyboard in Resources */,
				2293E5A6192613A40037C012 /* data.plist in Resources */,
				84AB7DFD193E427900C8F947 /* 98.png in Resources */,
				84AB7DFE193E427900C8F947 /* ВЫЙТИ.png in Resources */,
				229BF75E192DCCDA00045540 /* gazprom-neft.jpg in Resources */,
				229BF75F192DCCDA00045540 /* lykoil.jpg in Resources */,
				229BF760192DCCDA00045540 /* taxioil.jpg in Resources */,
				849F3071193CEAE9002C8CAC /* button1.png in Resources */,
				84AB7DFC193E427900C8F947 /* 95.png in Resources */,
				B3B08B81192E6AAC00AEA5A0 /* zapravkalogo.png in Resources */,
				22D68416192F52AD007B03FF /* default.gpx in Resources */,
				22794CA31932581A0011C7E4 /* zapravkalogobig.jpg in Resources */,
				22CE7C46193335CE00CE6827 /* detailButton.png in Resources */,
				84AB7DFF193E427900C8F947 /* ДТ.png in Resources */,
			);
			runOnlyForDeploymentPostprocessing = 0;
		};
		22701D1D191BC5B80095D8DD /* Resources */ = {
			isa = PBXResourcesBuildPhase;
			buildActionMask = 2147483647;
			files = (
				22701D2C191BC5B80095D8DD /* InfoPlist.strings in Resources */,
			);
			runOnlyForDeploymentPostprocessing = 0;
		};
/* End PBXResourcesBuildPhase section */

/* Begin PBXShellScriptBuildPhase section */
		22701D1E191BC5B80095D8DD /* ShellScript */ = {
			isa = PBXShellScriptBuildPhase;
			buildActionMask = 2147483647;
			files = (
			);
			inputPaths = (
			);
			outputPaths = (
			);
			runOnlyForDeploymentPostprocessing = 0;
			shellPath = /bin/sh;
			shellScript = "# Run the unit tests in this test bundle.\n\"${SYSTEM_DEVELOPER_DIR}/Tools/RunUnitTests\"\n";
		};
/* End PBXShellScriptBuildPhase section */

/* Begin PBXSourcesBuildPhase section */
		22701CF3191BC5B80095D8DD /* Sources */ = {
			isa = PBXSourcesBuildPhase;
			buildActionMask = 2147483647;
			files = (
				22701D07191BC5B80095D8DD /* main.m in Sources */,
				84B49ACF193B69B400CE8A19 /* MyGlobal.m in Sources */,
				22701D0B191BC5B80095D8DD /* AppDelegate.m in Sources */,
				22701D1A191BC5B80095D8DD /* ViewController.m in Sources */,
				2293E5AC1926227B0037C012 /* DataController.m in Sources */,
				2296027A192B17B70008D214 /* DetailViewController.m in Sources */,
				22174AC7192CDB970007CD42 /* InfoViewController.m in Sources */,
				223F0750192E3CC700946FEA /* TileOverlay.m in Sources */,
				223F0751192E3CC700946FEA /* TileOverlayView.m in Sources */,
				2281802D192F55880039D10E /* MapPoint.m in Sources */,
				84B49ACC193B3DB800CE8A19 /* MenuViewController.m in Sources */,
			);
			runOnlyForDeploymentPostprocessing = 0;
		};
		22701D1B191BC5B80095D8DD /* Sources */ = {
			isa = PBXSourcesBuildPhase;
			buildActionMask = 2147483647;
			files = (
				22701D2F191BC5B80095D8DD /* zapravkaTests.m in Sources */,
			);
			runOnlyForDeploymentPostprocessing = 0;
		};
/* End PBXSourcesBuildPhase section */

/* Begin PBXTargetDependency section */
		22701D26191BC5B80095D8DD /* PBXTargetDependency */ = {
			isa = PBXTargetDependency;
			target = 22701CF6191BC5B80095D8DD /* zapravka */;
			targetProxy = 22701D25191BC5B80095D8DD /* PBXContainerItemProxy */;
		};
/* End PBXTargetDependency section */

/* Begin PBXVariantGroup section */
		22701D03191BC5B80095D8DD /* InfoPlist.strings */ = {
			isa = PBXVariantGroup;
			children = (
				22701D04191BC5B80095D8DD /* en */,
			);
			name = InfoPlist.strings;
			sourceTree = "<group>";
		};
		22701D12191BC5B80095D8DD /* MainStoryboard_iPhone.storyboard */ = {
			isa = PBXVariantGroup;
			children = (
				22701D13191BC5B80095D8DD /* en */,
			);
			name = MainStoryboard_iPhone.storyboard;
			sourceTree = "<group>";
		};
		22701D15191BC5B80095D8DD /* MainStoryboard_iPad.storyboard */ = {
			isa = PBXVariantGroup;
			children = (
				22701D16191BC5B80095D8DD /* en */,
			);
			name = MainStoryboard_iPad.storyboard;
			sourceTree = "<group>";
		};
		22701D2A191BC5B80095D8DD /* InfoPlist.strings */ = {
			isa = PBXVariantGroup;
			children = (
				22701D2B191BC5B80095D8DD /* en */,
			);
			name = InfoPlist.strings;
			sourceTree = "<group>";
		};
/* End PBXVariantGroup section */

/* Begin XCBuildConfiguration section */
		22701D30191BC5B80095D8DD /* Debug */ = {
			isa = XCBuildConfiguration;
			buildSettings = {
				ALWAYS_SEARCH_USER_PATHS = NO;
				CLANG_CXX_LANGUAGE_STANDARD = "gnu++0x";
				CLANG_CXX_LIBRARY = "libc++";
				CLANG_ENABLE_OBJC_ARC = YES;
				CLANG_WARN_CONSTANT_CONVERSION = YES;
				CLANG_WARN_EMPTY_BODY = YES;
				CLANG_WARN_ENUM_CONVERSION = YES;
				CLANG_WARN_INT_CONVERSION = YES;
				CLANG_WARN__DUPLICATE_METHOD_MATCH = YES;
				"CODE_SIGN_IDENTITY[sdk=iphoneos*]" = "iPhone Developer";
				COPY_PHASE_STRIP = NO;
				GCC_C_LANGUAGE_STANDARD = gnu99;
				GCC_DYNAMIC_NO_PIC = NO;
				GCC_OPTIMIZATION_LEVEL = 0;
				GCC_PREPROCESSOR_DEFINITIONS = (
					"DEBUG=1",
					"$(inherited)",
				);
				GCC_SYMBOLS_PRIVATE_EXTERN = NO;
				GCC_WARN_ABOUT_RETURN_TYPE = YES;
				GCC_WARN_UNINITIALIZED_AUTOS = YES;
				GCC_WARN_UNUSED_VARIABLE = YES;
				IPHONEOS_DEPLOYMENT_TARGET = 6.1;
				ONLY_ACTIVE_ARCH = YES;
				SDKROOT = iphoneos;
				TARGETED_DEVICE_FAMILY = "1,2";
			};
			name = Debug;
		};
		22701D31191BC5B80095D8DD /* Release */ = {
			isa = XCBuildConfiguration;
			buildSettings = {
				ALWAYS_SEARCH_USER_PATHS = NO;
				CLANG_CXX_LANGUAGE_STANDARD = "gnu++0x";
				CLANG_CXX_LIBRARY = "libc++";
				CLANG_ENABLE_OBJC_ARC = YES;
				CLANG_WARN_CONSTANT_CONVERSION = YES;
				CLANG_WARN_EMPTY_BODY = YES;
				CLANG_WARN_ENUM_CONVERSION = YES;
				CLANG_WARN_INT_CONVERSION = YES;
				CLANG_WARN__DUPLICATE_METHOD_MATCH = YES;
				"CODE_SIGN_IDENTITY[sdk=iphoneos*]" = "iPhone Developer";
				COPY_PHASE_STRIP = YES;
				GCC_C_LANGUAGE_STANDARD = gnu99;
				GCC_WARN_ABOUT_RETURN_TYPE = YES;
				GCC_WARN_UNINITIALIZED_AUTOS = YES;
				GCC_WARN_UNUSED_VARIABLE = YES;
				IPHONEOS_DEPLOYMENT_TARGET = 6.1;
				OTHER_CFLAGS = "-DNS_BLOCK_ASSERTIONS=1";
				SDKROOT = iphoneos;
				TARGETED_DEVICE_FAMILY = "1,2";
				VALIDATE_PRODUCT = YES;
			};
			name = Release;
		};
		22701D33191BC5B80095D8DD /* Debug */ = {
			isa = XCBuildConfiguration;
			buildSettings = {
				CLANG_ENABLE_OBJC_ARC = YES;
				GCC_PRECOMPILE_PREFIX_HEADER = YES;
				GCC_PREFIX_HEADER = "zapravka/zapravka-Prefix.pch";
				INFOPLIST_FILE = "zapravka/zapravka-Info.plist";
				PRODUCT_NAME = "$(TARGET_NAME)";
				WRAPPER_EXTENSION = app;
			};
			name = Debug;
		};
		22701D34191BC5B80095D8DD /* Release */ = {
			isa = XCBuildConfiguration;
			buildSettings = {
				CLANG_ENABLE_OBJC_ARC = YES;
				GCC_PRECOMPILE_PREFIX_HEADER = YES;
				GCC_PREFIX_HEADER = "zapravka/zapravka-Prefix.pch";
				INFOPLIST_FILE = "zapravka/zapravka-Info.plist";
				PRODUCT_NAME = "$(TARGET_NAME)";
				WRAPPER_EXTENSION = app;
			};
			name = Release;
		};
		22701D36191BC5B80095D8DD /* Debug */ = {
			isa = XCBuildConfiguration;
			buildSettings = {
				BUNDLE_LOADER = "$(BUILT_PRODUCTS_DIR)/zapravka.app/zapravka";
				FRAMEWORK_SEARCH_PATHS = (
					"\"$(SDKROOT)/Developer/Library/Frameworks\"",
					"\"$(DEVELOPER_LIBRARY_DIR)/Frameworks\"",
				);
				GCC_PRECOMPILE_PREFIX_HEADER = YES;
				GCC_PREFIX_HEADER = "zapravka/zapravka-Prefix.pch";
				INFOPLIST_FILE = "zapravkaTests/zapravkaTests-Info.plist";
				PRODUCT_NAME = "$(TARGET_NAME)";
				TEST_HOST = "$(BUNDLE_LOADER)";
				WRAPPER_EXTENSION = octest;
			};
			name = Debug;
		};
		22701D37191BC5B80095D8DD /* Release */ = {
			isa = XCBuildConfiguration;
			buildSettings = {
				BUNDLE_LOADER = "$(BUILT_PRODUCTS_DIR)/zapravka.app/zapravka";
				FRAMEWORK_SEARCH_PATHS = (
					"\"$(SDKROOT)/Developer/Library/Frameworks\"",
					"\"$(DEVELOPER_LIBRARY_DIR)/Frameworks\"",
				);
				GCC_PRECOMPILE_PREFIX_HEADER = YES;
				GCC_PREFIX_HEADER = "zapravka/zapravka-Prefix.pch";
				INFOPLIST_FILE = "zapravkaTests/zapravkaTests-Info.plist";
				PRODUCT_NAME = "$(TARGET_NAME)";
				TEST_HOST = "$(BUNDLE_LOADER)";
				WRAPPER_EXTENSION = octest;
			};
			name = Release;
		};
/* End XCBuildConfiguration section */

/* Begin XCConfigurationList section */
		22701CF2191BC5B80095D8DD /* Build configuration list for PBXProject "zapravka" */ = {
			isa = XCConfigurationList;
			buildConfigurations = (
				22701D30191BC5B80095D8DD /* Debug */,
				22701D31191BC5B80095D8DD /* Release */,
			);
			defaultConfigurationIsVisible = 0;
			defaultConfigurationName = Release;
		};
		22701D32191BC5B80095D8DD /* Build configuration list for PBXNativeTarget "zapravka" */ = {
			isa = XCConfigurationList;
			buildConfigurations = (
				22701D33191BC5B80095D8DD /* Debug */,
				22701D34191BC5B80095D8DD /* Release */,
			);
			defaultConfigurationIsVisible = 0;
			defaultConfigurationName = Release;
		};
		22701D35191BC5B80095D8DD /* Build configuration list for PBXNativeTarget "zapravkaTests" */ = {
			isa = XCConfigurationList;
			buildConfigurations = (
				22701D36191BC5B80095D8DD /* Debug */,
				22701D37191BC5B80095D8DD /* Release */,
			);
			defaultConfigurationIsVisible = 0;
			defaultConfigurationName = Release;
		};
/* End XCConfigurationList section */
	};
	rootObject = 22701CEF191BC5B80095D8DD /* Project object */;
}
